
Microsoft Visual Studio Solution File, Format Version 12.00
Project("{FAE04EC0-301F-11D3-BF4B-00C04F79EFBC}") = "ScheduleManagement", "ScheduleManagement\ScheduleManagement.csproj", "{65A95517-4AB8-4765-8E5C-EBC66851265A}"
EndProject
Global
	GlobalSection(SolutionConfigurationPlatforms) = preSolution
		Debug|Any CPU = Debug|Any CPU
		Release|Any CPU = Release|Any CPU
	EndGlobalSection
	GlobalSection(ProjectConfigurationPlatforms) = postSolution
		{65A95517-4AB8-4765-8E5C-EBC66851265A}.Debug|Any CPU.ActiveCfg = Debug|Any CPU
		{65A95517-4AB8-4765-8E5C-EBC66851265A}.Debug|Any CPU.Build.0 = Debug|Any CPU
		{65A95517-4AB8-4765-8E5C-EBC66851265A}.Release|Any CPU.ActiveCfg = Release|Any CPU
		{65A95517-4AB8-4765-8E5C-EBC66851265A}.Release|Any CPU.Build.0 = Release|Any CPU
	EndGlobalSection
EndGlobal
